{
  "version": 4,
  "terraform_version": "1.5.6",
  "serial": 5,
  "lineage": "00d8efd8-62a0-26b5-e311-843840c33fa6",
  "outputs": {},
  "resources": [
    {
      "mode": "managed",
      "type": "google_storage_bucket",
      "name": "bucket",
      "provider": "provider[\"registry.terraform.io/hashicorp/google\"]",
      "instances": [
        {
          "schema_version": 0,
          "attributes": {
            "bucket_policy_only": false,
            "cors": [],
            "default_event_based_hold": false,
            "encryption": [],
            "force_destroy": false,
            "id": "bucket-via-terraform",
            "labels": {
              "dep": "it",
              "env": "qa"
            },
            "lifecycle_rule": [],
            "location": "SOUTHAMERICA-EAST1",
            "logging": [],
            "name": "bucket-via-terraform",
            "project": "curso-terraform-26091994",
            "requester_pays": false,
            "retention_policy": [],
            "self_link": "https://www.googleapis.com/storage/v1/b/bucket-via-terraform",
            "storage_class": "NEARLINE",
            "uniform_bucket_level_access": false,
            "url": "gs://bucket-via-terraform",
            "versioning": [],
            "website": []
          },
          "sensitive_attributes": [],
          "private": "bnVsbA=="
        }
      ]
    }
  ],
  "check_results": null
}
